// !$*UTF8*$!
{
	archiveVersion = 1;
	classes = {
	};
	objectVersion = 46;
	objects = {

/* Begin PBXBuildFile section */
		C830CDD61B9FEA2A009FF5A3 /* AppDelegate.swift in Sources */ = {isa = PBXBuildFile; fileRef = C830CDD51B9FEA2A009FF5A3 /* AppDelegate.swift */; };
		C830CDD81B9FEA2A009FF5A3 /* ViewController.swift in Sources */ = {isa = PBXBuildFile; fileRef = C830CDD71B9FEA2A009FF5A3 /* ViewController.swift */; };
		C830CDDB1B9FEA2A009FF5A3 /* Main.storyboard in Resources */ = {isa = PBXBuildFile; fileRef = C830CDD91B9FEA2A009FF5A3 /* Main.storyboard */; };
		C830CDDD1B9FEA2A009FF5A3 /* Images.xcassets in Resources */ = {isa = PBXBuildFile; fileRef = C830CDDC1B9FEA2A009FF5A3 /* Images.xcassets */; };
		C830CDE01B9FEA2A009FF5A3 /* LaunchScreen.xib in Resources */ = {isa = PBXBuildFile; fileRef = C830CDDE1B9FEA2A009FF5A3 /* LaunchScreen.xib */; };
		C830CDEC1B9FEA2A009FF5A3 /* preferenciasTests.swift in Sources */ = {isa = PBXBuildFile; fileRef = C830CDEB1B9FEA2A009FF5A3 /* preferenciasTests.swift */; };
/* End PBXBuildFile section */

/* Begin PBXContainerItemProxy section */
		C830CDE61B9FEA2A009FF5A3 /* PBXContainerItemProxy */ = {
			isa = PBXContainerItemProxy;
			containerPortal = C830CDC81B9FEA29009FF5A3 /* Project object */;
			proxyType = 1;
			remoteGlobalIDString = C830CDCF1B9FEA29009FF5A3;
			remoteInfo = preferencias;
		};
/* End PBXContainerItemProxy section */

/* Begin PBXFileReference section */
		C830CDD01B9FEA29009FF5A3 /* preferencias.app */ = {isa = PBXFileReference; explicitFileType = wrapper.application; includeInIndex = 0; path = preferencias.app; sourceTree = BUILT_PRODUCTS_DIR; };
		C830CDD41B9FEA29009FF5A3 /* Info.plist */ = {isa = PBXFileReference; lastKnownFileType = text.plist.xml; path = Info.plist; sourceTree = "<group>"; };
		C830CDD51B9FEA2A009FF5A3 /* AppDelegate.swift */ = {isa = PBXFileReference; lastKnownFileType = sourcecode.swift; path = AppDelegate.swift; sourceTree = "<group>"; };
		C830CDD71B9FEA2A009FF5A3 /* ViewController.swift */ = {isa = PBXFileReference; lastKnownFileType = sourcecode.swift; path = ViewController.swift; sourceTree = "<group>"; };
		C830CDDA1B9FEA2A009FF5A3 /* Base */ = {isa = PBXFileReference; lastKnownFileType = file.storyboard; name = Base; path = Base.lproj/Main.storyboard; sourceTree = "<group>"; };
		C830CDDC1B9FEA2A009FF5A3 /* Images.xcassets */ = {isa = PBXFileReference; lastKnownFileType = folder.assetcatalog; path = Images.xcassets; sourceTree = "<group>"; };
		C830CDDF1B9FEA2A009FF5A3 /* Base */ = {isa = PBXFileReference; lastKnownFileType = file.xib; name = Base; path = Base.lproj/LaunchScreen.xib; sourceTree = "<group>"; };
		C830CDE51B9FEA2A009FF5A3 /* preferenciasTests.xctest */ = {isa = PBXFileReference; explicitFileType = wrapper.cfbundle; includeInIndex = 0; path = preferenciasTests.xctest; sourceTree = BUILT_PRODUCTS_DIR; };
		C830CDEA1B9FEA2A009FF5A3 /* Info.plist */ = {isa = PBXFileReference; lastKnownFileType = text.plist.xml; path = Info.plist; sourceTree = "<group>"; };
		C830CDEB1B9FEA2A009FF5A3 /* preferenciasTests.swift */ = {isa = PBXFileReference; lastKnownFileType = sourcecode.swift; path = preferenciasTests.swift; sourceTree = "<group>"; };
/* End PBXFileReference section */

/* Begin PBXFrameworksBuildPhase section */
		C830CDCD1B9FEA29009FF5A3 /* Frameworks */ = {
			isa = PBXFrameworksBuildPhase;
			buildActionMask = 2147483647;
			files = (
			);
			runOnlyForDeploymentPostprocessing = 0;
		};
		C830CDE21B9FEA2A009FF5A3 /* Frameworks */ = {
			isa = PBXFrameworksBuildPhase;
			buildActionMask = 2147483647;
			files = (
			);
			runOnlyForDeploymentPostprocessing = 0;
		};
/* End PBXFrameworksBuildPhase section */

/* Begin PBXGroup section */
		C830CDC71B9FEA29009FF5A3 = {
			isa = PBXGroup;
			children = (
				C830CDD21B9FEA29009FF5A3 /* preferencias */,
				C830CDE81B9FEA2A009FF5A3 /* preferenciasTests */,
				C830CDD11B9FEA29009FF5A3 /* Products */,
			);
			sourceTree = "<group>";
		};
		C830CDD11B9FEA29009FF5A3 /* Products */ = {
			isa = PBXGroup;
			children = (
				C830CDD01B9FEA29009FF5A3 /* preferencias.app */,
				C830CDE51B9FEA2A009FF5A3 /* preferenciasTests.xctest */,
			);
			name = Products;
			sourceTree = "<group>";
		};
		C830CDD21B9FEA29009FF5A3 /* preferencias */ = {
			isa = PBXGroup;
			children = (
				C830CDD51B9FEA2A009FF5A3 /* AppDelegate.swift */,
				C830CDD71B9FEA2A009FF5A3 /* ViewController.swift */,
				C830CDD91B9FEA2A009FF5A3 /* Main.storyboard */,
				C830CDDC1B9FEA2A009FF5A3 /* Images.xcassets */,
				C830CDDE1B9FEA2A009FF5A3 /* LaunchScreen.xib */,
				C830CDD31B9FEA29009FF5A3 /* Supporting Files */,
			);
			path = preferencias;
			sourceTree = "<group>";
		};
		C830CDD31B9FEA29009FF5A3 /* Supporting Files */ = {
			isa = PBXGroup;
			children = (
				C830CDD41B9FEA29009FF5A3 /* Info.plist */,
			);
			name = "Supporting Files";
			sourceTree = "<group>";
		};
		C830CDE81B9FEA2A009FF5A3 /* preferenciasTests */ = {
			isa = PBXGroup;
			children = (
				C830CDEB1B9FEA2A009FF5A3 /* preferenciasTests.swift */,
				C830CDE91B9FEA2A009FF5A3 /* Supporting Files */,
			);
			path = preferenciasTests;
			sourceTree = "<group>";
		};
		C830CDE91B9FEA2A009FF5A3 /* Supporting Files */ = {
			isa = PBXGroup;
			children = (
				C830CDEA1B9FEA2A009FF5A3 /* Info.plist */,
			);
			name = "Supporting Files";
			sourceTree = "<group>";
		};
/* End PBXGroup section */

/* Begin PBXNativeTarget section */
		C830CDCF1B9FEA29009FF5A3 /* preferencias */ = {
			isa = PBXNativeTarget;
			buildConfigurationList = C830CDEF1B9FEA2A009FF5A3 /* Build configuration list for PBXNativeTarget "preferencias" */;
			buildPhases = (
				C830CDCC1B9FEA29009FF5A3 /* Sources */,
				C830CDCD1B9FEA29009FF5A3 /* Frameworks */,
				C830CDCE1B9FEA29009FF5A3 /* Resources */,
			);
			buildRules = (
			);
			dependencies = (
			);
			name = preferencias;
			productName = preferencias;
			productReference = C830CDD01B9FEA29009FF5A3 /* preferencias.app */;
			productType = "com.apple.product-type.application";
		};
		C830CDE41B9FEA2A009FF5A3 /* preferenciasTests */ = {
			isa = PBXNativeTarget;
			buildConfigurationList = C830CDF21B9FEA2A009FF5A3 /* Build configuration list for PBXNativeTarget "preferenciasTests" */;
			buildPhases = (
				C830CDE11B9FEA2A009FF5A3 /* Sources */,
				C830CDE21B9FEA2A009FF5A3 /* Frameworks */,
				C830CDE31B9FEA2A009FF5A3 /* Resources */,
			);
			buildRules = (
			);
			dependencies = (
				C830CDE71B9FEA2A009FF5A3 /* PBXTargetDependency */,
			);
			name = preferenciasTests;
			productName = preferenciasTests;
			productReference = C830CDE51B9FEA2A009FF5A3 /* preferenciasTests.xctest */;
			productType = "com.apple.product-type.bundle.unit-test";
		};
/* End PBXNativeTarget section */

/* Begin PBXProject section */
		C830CDC81B9FEA29009FF5A3 /* Project object */ = {
			isa = PBXProject;
			attributes = {
				LastUpgradeCheck = 0640;
				ORGANIZATIONNAME = "M-Sonic";
				TargetAttributes = {
					C830CDCF1B9FEA29009FF5A3 = {
						CreatedOnToolsVersion = 6.4;
					};
					C830CDE41B9FEA2A009FF5A3 = {
						CreatedOnToolsVersion = 6.4;
						TestTargetID = C830CDCF1B9FEA29009FF5A3;
					};
				};
			};
			buildConfigurationList = C830CDCB1B9FEA29009FF5A3 /* Build configuration list for PBXProject "preferencias" */;
			compatibilityVersion = "Xcode 3.2";
			developmentRegion = English;
			hasScannedForEncodings = 0;
			knownRegions = (
				en,
				Base,
			);
			mainGroup = C830CDC71B9FEA29009FF5A3;
			productRefGroup = C830CDD11B9FEA29009FF5A3 /* Products */;
			projectDirPath = "";
			projectRoot = "";
			targets = (
				C830CDCF1B9FEA29009FF5A3 /* preferencias */,
				C830CDE41B9FEA2A009FF5A3 /* preferenciasTests */,
			);
		};
/* End PBXProject section */

/* Begin PBXResourcesBuildPhase section */
		C830CDCE1B9FEA29009FF5A3 /* Resources */ = {
			isa = PBXResourcesBuildPhase;
			buildActionMask = 2147483647;
			files = (
				C830CDDB1B9FEA2A009FF5A3 /* Main.storyboard in Resources */,
				C830CDE01B9FEA2A009FF5A3 /* LaunchScreen.xib in Resources */,
				C830CDDD1B9FEA2A009FF5A3 /* Images.xcassets in Resources */,
			);
			runOnlyForDeploymentPostprocessing = 0;
		};
		C830CDE31B9FEA2A009FF5A3 /* Resources */ = {
			isa = PBXResourcesBuildPhase;
			buildActionMask = 2147483647;
			files = (
			);
			runOnlyForDeploymentPostprocessing = 0;
		};
/* End PBXResourcesBuildPhase section */

/* Begin PBXSourcesBuildPhase section */
		C830CDCC1B9FEA29009FF5A3 /* Sources */ = {
			isa = PBXSourcesBuildPhase;
			buildActionMask = 2147483647;
			files = (
				C830CDD81B9FEA2A009FF5A3 /* ViewController.swift in Sources */,
				C830CDD61B9FEA2A009FF5A3 /* AppDelegate.swift in Sources */,
			);
			runOnlyForDeploymentPostprocessing = 0;
		};
		C830CDE11B9FEA2A009FF5A3 /* Sources */ = {
			isa = PBXSourcesBuildPhase;
			buildActionMask = 2147483647;
			files = (
				C830CDEC1B9FEA2A009FF5A3 /* preferenciasTests.swift in Sources */,
			);
			runOnlyForDeploymentPostprocessing = 0;
		};
/* End PBXSourcesBuildPhase section */

/* Begin PBXTargetDependency section */
		C830CDE71B9FEA2A009FF5A3 /* PBXTargetDependency */ = {
			isa = PBXTargetDependency;
			target = C830CDCF1B9FEA29009FF5A3 /* preferencias */;
			targetProxy = C830CDE61B9FEA2A009FF5A3 /* PBXContainerItemProxy */;
		};
/* End PBXTargetDependency section */

/* Begin PBXVariantGroup section */
		C830CDD91B9FEA2A009FF5A3 /* Main.storyboard */ = {
			isa = PBXVariantGroup;
			children = (
				C830CDDA1B9FEA2A009FF5A3 /* Base */,
			);
			name = Main.storyboard;
			sourceTree = "<group>";
		};
		C830CDDE1B9FEA2A009FF5A3 /* LaunchScreen.xib */ = {
			isa = PBXVariantGroup;
			children = (
				C830CDDF1B9FEA2A009FF5A3 /* Base */,
			);
			name = LaunchScreen.xib;
			sourceTree = "<group>";
		};
/* End PBXVariantGroup section */

/* Begin XCBuildConfiguration section */
		C830CDED1B9FEA2A009FF5A3 /* Debug */ = {
			isa = XCBuildConfiguration;
			buildSettings = {
				ALWAYS_SEARCH_USER_PATHS = NO;
				CLANG_CXX_LANGUAGE_STANDARD = "gnu++0x";
				CLANG_CXX_LIBRARY = "libc++";
				CLANG_ENABLE_MODULES = YES;
				CLANG_ENABLE_OBJC_ARC = YES;
				CLANG_WARN_BOOL_CONVERSION = YES;
				CLANG_WARN_CONSTANT_CONVERSION = YES;
				CLANG_WARN_DIRECT_OBJC_ISA_USAGE = YES_ERROR;
				CLANG_WARN_EMPTY_BODY = YES;
				CLANG_WARN_ENUM_CONVERSION = YES;
				CLANG_WARN_INT_CONVERSION = YES;
				CLANG_WARN_OBJC_ROOT_CLASS = YES_ERROR;
				CLANG_WARN_UNREACHABLE_CODE = YES;
				CLANG_WARN__DUPLICATE_METHOD_MATCH = YES;
				"CODE_SIGN_IDENTITY[sdk=iphoneos*]" = "iPhone Developer";
				COPY_PHASE_STRIP = NO;
				DEBUG_INFORMATION_FORMAT = "dwarf-with-dsym";
				ENABLE_STRICT_OBJC_MSGSEND = YES;
				GCC_C_LANGUAGE_STANDARD = gnu99;
				GCC_DYNAMIC_NO_PIC = NO;
				GCC_NO_COMMON_BLOCKS = YES;
				GCC_OPTIMIZATION_LEVEL = 0;
				GCC_PREPROCESSOR_DEFINITIONS = (
					"DEBUG=1",
					"$(inherited)",
				);
				GCC_SYMBOLS_PRIVATE_EXTERN = NO;
				GCC_WARN_64_TO_32_BIT_CONVERSION = YES;
				GCC_WARN_ABOUT_RETURN_TYPE = YES_ERROR;
				GCC_WARN_UNDECLARED_SELECTOR = YES;
				GCC_WARN_UNINITIALIZED_AUTOS = YES_AGGRESSIVE;
				GCC_WARN_UNUSED_FUNCTION = YES;
				GCC_WARN_UNUSED_VARIABLE = YES;
				IPHONEOS_DEPLOYMENT_TARGET = 8.4;
				MTL_ENABLE_DEBUG_INFO = YES;
				ONLY_ACTIVE_ARCH = YES;
				SDKROOT = iphoneos;
				SWIFT_OPTIMIZATION_LEVEL = "-Onone";
			};
			name = Debug;
		};
		C830CDEE1B9FEA2A009FF5A3 /* Release */ = {
			isa = XCBuildConfiguration;
			buildSettings = {
				ALWAYS_SEARCH_USER_PATHS = NO;
				CLANG_CXX_LANGUAGE_STANDARD = "gnu++0x";
				CLANG_CXX_LIBRARY = "libc++";
				CLANG_ENABLE_MODULES = YES;
				CLANG_ENABLE_OBJC_ARC = YES;
				CLANG_WARN_BOOL_CONVERSION = YES;
				CLANG_WARN_CONSTANT_CONVERSION = YES;
				CLANG_WARN_DIRECT_OBJC_ISA_USAGE = YES_ERROR;
				CLANG_WARN_EMPTY_BODY = YES;
				CLANG_WARN_ENUM_CONVERSION = YES;
				CLANG_WARN_INT_CONVERSION = YES;
				CLANG_WARN_OBJC_ROOT_CLASS = YES_ERROR;
				CLANG_WARN_UNREACHABLE_CODE = YES;
				CLANG_WARN__DUPLICATE_METHOD_MATCH = YES;
				"CODE_SIGN_IDENTITY[sdk=iphoneos*]" = "iPhone Developer";
				COPY_PHASE_STRIP = NO;
				DEBUG_INFORMATION_FORMAT = "dwarf-with-dsym";
				ENABLE_NS_ASSERTIONS = NO;
				ENABLE_STRICT_OBJC_MSGSEND = YES;
				GCC_C_LANGUAGE_STANDARD = gnu99;
				GCC_NO_COMMON_BLOCKS = YES;
				GCC_WARN_64_TO_32_BIT_CONVERSION = YES;
				GCC_WARN_ABOUT_RETURN_TYPE = YES_ERROR;
				GCC_WARN_UNDECLARED_SELECTOR = YES;
				GCC_WARN_UNINITIALIZED_AUTOS = YES_AGGRESSIVE;
				GCC_WARN_UNUSED_FUNCTION = YES;
				GCC_WARN_UNUSED_VARIABLE = YES;
				IPHONEOS_DEPLOYMENT_TARGET = 8.4;
				MTL_ENABLE_DEBUG_INFO = NO;
				SDKROOT = iphoneos;
				VALIDATE_PRODUCT = YES;
			};
			name = Release;
		};
		C830CDF01B9FEA2A009FF5A3 /* Debug */ = {
			isa = XCBuildConfiguration;
			buildSettings = {
				ASSETCATALOG_COMPILER_APPICON_NAME = AppIcon;
				INFOPLIST_FILE = preferencias/Info.plist;
				IPHONEOS_DEPLOYMENT_TARGET = 7.1;
				LD_RUNPATH_SEARCH_PATHS = "$(inherited) @executable_path/Frameworks";
				PRODUCT_NAME = "$(TARGET_NAME)";
			};
			name = Debug;
		};
		C830CDF11B9FEA2A009FF5A3 /* Release */ = {
			isa = XCBuildConfiguration;
			buildSettings = {
				ASSETCATALOG_COMPILER_APPICON_NAME = AppIcon;
				INFOPLIST_FILE = preferencias/Info.plist;
				IPHONEOS_DEPLOYMENT_TARGET = 7.1;
				LD_RUNPATH_SEARCH_PATHS = "$(inherited) @executable_path/Frameworks";
				PRODUCT_NAME = "$(TARGET_NAME)";
			};
			name = Release;
		};
		C830CDF31B9FEA2A009FF5A3 /* Debug */ = {
			isa = XCBuildConfiguration;
			buildSettings = {
				BUNDLE_LOADER = "$(TEST_HOST)";
				FRAMEWORK_SEARCH_PATHS = (
					"$(SDKROOT)/Developer/Library/Frameworks",
					"$(inherited)",
				);
				GCC_PREPROCESSOR_DEFINITIONS = (
					"DEBUG=1",
					"$(inherited)",
				);
				INFOPLIST_FILE = preferenciasTests/Info.plist;
				LD_RUNPATH_SEARCH_PATHS = "$(inherited) @executable_path/Frameworks @loader_path/Frameworks";
				PRODUCT_NAME = "$(TARGET_NAME)";
				TEST_HOST = "$(BUILT_PRODUCTS_DIR)/preferencias.app/preferencias";
			};
			name = Debug;
		};
		C830CDF41B9FEA2A009FF5A3 /* Release */ = {
			isa = XCBuildConfiguration;
			buildSettings = {
				BUNDLE_LOADER = "$(TEST_HOST)";
				FRAMEWORK_SEARCH_PATHS = (
					"$(SDKROOT)/Developer/Library/Frameworks",
					"$(inherited)",
				);
				INFOPLIST_FILE = preferenciasTests/Info.plist;
				LD_RUNPATH_SEARCH_PATHS = "$(inherited) @executable_path/Frameworks @loader_path/Frameworks";
				PRODUCT_NAME = "$(TARGET_NAME)";
				TEST_HOST = "$(BUILT_PRODUCTS_DIR)/preferencias.app/preferencias";
			};
			name = Release;
		};
/* End XCBuildConfiguration section */

/* Begin XCConfigurationList section */
		C830CDCB1B9FEA29009FF5A3 /* Build configuration list for PBXProject "preferencias" */ = {
			isa = XCConfigurationList;
			buildConfigurations = (
				C830CDED1B9FEA2A009FF5A3 /* Debug */,
				C830CDEE1B9FEA2A009FF5A3 /* Release */,
			);
			defaultConfigurationIsVisible = 0;
			defaultConfigurationName = Release;
		};
		C830CDEF1B9FEA2A009FF5A3 /* Build configuration list for PBXNativeTarget "preferencias" */ = {
			isa = XCConfigurationList;
			buildConfigurations = (
				C830CDF01B9FEA2A009FF5A3 /* Debug */,
				C830CDF11B9FEA2A009FF5A3 /* Release */,
			);
			defaultConfigurationIsVisible = 0;
		};
		C830CDF21B9FEA2A009FF5A3 /* Build configuration list for PBXNativeTarget "preferenciasTests" */ = {
			isa = XCConfigurationList;
			buildConfigurations = (
				C830CDF31B9FEA2A009FF5A3 /* Debug */,
				C830CDF41B9FEA2A009FF5A3 /* Release */,
			);
			defaultConfigurationIsVisible = 0;
		};
/* End XCConfigurationList section */
	};
	rootObject = C830CDC81B9FEA29009FF5A3 /* Project object */;
}
